# This file is automatically @generated by Poetry and should not be changed by hand.

[[package]]
name = "async-timeout"
version = "4.0.2"
description = "Timeout context manager for asyncio programs"
category = "main"
optional = false
python-versions = ">=3.6"
files = [
    {file = "async-timeout-4.0.2.tar.gz", hash = "sha256:2163e1640ddb52b7a8c80d0a67a08587e5d245cc9c553a74a847056bc2976b15"},
    {file = "async_timeout-4.0.2-py3-none-any.whl", hash = "sha256:8ca1e4fcf50d07413d66d1a5e416e42cfdf5851c981d679a09851a6853383b3c"},
]

[[package]]
name = "pika"
version = "1.3.1"
description = "Pika Python AMQP Client Library"
category = "main"
optional = false
python-versions = ">=3.4"
files = [
    {file = "pika-1.3.1-py3-none-any.whl", hash = "sha256:89f5e606646caebe3c00cbdbc4c2c609834adde45d7507311807b5775edac8e0"},
    {file = "pika-1.3.1.tar.gz", hash = "sha256:beb19ff6dd1547f99a29acc2c6987ebb2ba7c44bf44a3f8e305877c5ef7d2fdc"},
]

[package.extras]
gevent = ["gevent"]
tornado = ["tornado"]
twisted = ["twisted"]

[[package]]
name = "redis"
version = "4.5.1"
description = "Python client for Redis database and key-value store"
category = "main"
optional = false
python-versions = ">=3.7"
files = [
    {file = "redis-4.5.1-py3-none-any.whl", hash = "sha256:5deb072d26e67d2be1712603bfb7947ec3431fb0eec9c578994052e33035af6d"},
    {file = "redis-4.5.1.tar.gz", hash = "sha256:1eec3741cda408d3a5f84b78d089c8b8d895f21b3b050988351e925faf202864"},
]

[package.dependencies]
async-timeout = ">=4.0.2"

[package.extras]
hiredis = ["hiredis (>=1.0.0)"]
ocsp = ["cryptography (>=36.0.1)", "pyopenssl (==20.0.1)", "requests (>=2.26.0)"]

[[package]]
name = "reds"
version = "0.1.9"
description = "Request/Response library on top of Redis."
category = "main"
optional = false
python-versions = "*"
files = [
    {file = "reds-0.1.9-py3-none-any.whl", hash = "sha256:554e57546d3eb0cf61b8c0d46be9b27aff3164ef9d00d8d5affb931b54eff5e2"},
    {file = "reds-0.1.9.tar.gz", hash = "sha256:fa53f49c850e7d3e8087db1997a462626d589f40d621501e55bf4dbaa937450d"},
]

[package.dependencies]
redis = "*"

[metadata]
lock-version = "2.0"
python-versions = "^3.10"
content-hash = "81b578266fc31e6b1aee4ca0979675c5d6fdfedd14a048095750cc79be2b6c65"
